// !$*UTF8*$!
{
	archiveVersion = 1;
	classes = {
	};
	objectVersion = 46;
	objects = {

/* Begin PBXBuildFile section */
		7456A76B1B4576A000BFD3EC /* OCQuery.m in Sources */ = {isa = PBXBuildFile; fileRef = 7456A76A1B4576A000BFD3EC /* OCQuery.m */; };
		749EFDBD1B44341F000DF6F1 /* app.js in Resources */ = {isa = PBXBuildFile; fileRef = 749EFDBC1B44341F000DF6F1 /* app.js */; };
		749EFDBF1B443466000DF6F1 /* test.html in Resources */ = {isa = PBXBuildFile; fileRef = 749EFDBE1B443466000DF6F1 /* test.html */; };
		749EFDC01B44347B000DF6F1 /* test.html in Resources */ = {isa = PBXBuildFile; fileRef = 749EFDBE1B443466000DF6F1 /* test.html */; };
		74ED8D1F1B43D80C006F6DA6 /* main.m in Sources */ = {isa = PBXBuildFile; fileRef = 74ED8D1E1B43D80C006F6DA6 /* main.m */; };
		74ED8D221B43D80C006F6DA6 /* AppDelegate.m in Sources */ = {isa = PBXBuildFile; fileRef = 74ED8D211B43D80C006F6DA6 /* AppDelegate.m */; };
		74ED8D251B43D80C006F6DA6 /* ViewController.m in Sources */ = {isa = PBXBuildFile; fileRef = 74ED8D241B43D80C006F6DA6 /* ViewController.m */; };
		74ED8D281B43D80C006F6DA6 /* Main.storyboard in Resources */ = {isa = PBXBuildFile; fileRef = 74ED8D261B43D80C006F6DA6 /* Main.storyboard */; };
		74ED8D2A1B43D80C006F6DA6 /* Images.xcassets in Resources */ = {isa = PBXBuildFile; fileRef = 74ED8D291B43D80C006F6DA6 /* Images.xcassets */; };
		74ED8D2D1B43D80C006F6DA6 /* LaunchScreen.xib in Resources */ = {isa = PBXBuildFile; fileRef = 74ED8D2B1B43D80C006F6DA6 /* LaunchScreen.xib */; };
		74ED8D391B43D80C006F6DA6 /* OCQueryTests.m in Sources */ = {isa = PBXBuildFile; fileRef = 74ED8D381B43D80C006F6DA6 /* OCQueryTests.m */; };
/* End PBXBuildFile section */

/* Begin PBXContainerItemProxy section */
		74ED8D331B43D80C006F6DA6 /* PBXContainerItemProxy */ = {
			isa = PBXContainerItemProxy;
			containerPortal = 74ED8D111B43D80C006F6DA6 /* Project object */;
			proxyType = 1;
			remoteGlobalIDString = 74ED8D181B43D80C006F6DA6;
			remoteInfo = OCQuery;
		};
/* End PBXContainerItemProxy section */

/* Begin PBXFileReference section */
		7456A7691B4576A000BFD3EC /* OCQuery.h */ = {isa = PBXFileReference; fileEncoding = 4; lastKnownFileType = sourcecode.c.h; path = OCQuery.h; sourceTree = "<group>"; };
		7456A76A1B4576A000BFD3EC /* OCQuery.m */ = {isa = PBXFileReference; fileEncoding = 4; lastKnownFileType = sourcecode.c.objc; path = OCQuery.m; sourceTree = "<group>"; };
		749EFDBC1B44341F000DF6F1 /* app.js */ = {isa = PBXFileReference; fileEncoding = 4; lastKnownFileType = sourcecode.javascript; path = app.js; sourceTree = "<group>"; };
		749EFDBE1B443466000DF6F1 /* test.html */ = {isa = PBXFileReference; fileEncoding = 4; lastKnownFileType = text.html; path = test.html; sourceTree = "<group>"; };
		74ED8D191B43D80C006F6DA6 /* OCQuery.app */ = {isa = PBXFileReference; explicitFileType = wrapper.application; includeInIndex = 0; path = OCQuery.app; sourceTree = BUILT_PRODUCTS_DIR; };
		74ED8D1D1B43D80C006F6DA6 /* Info.plist */ = {isa = PBXFileReference; lastKnownFileType = text.plist.xml; path = Info.plist; sourceTree = "<group>"; };
		74ED8D1E1B43D80C006F6DA6 /* main.m */ = {isa = PBXFileReference; lastKnownFileType = sourcecode.c.objc; path = main.m; sourceTree = "<group>"; };
		74ED8D201B43D80C006F6DA6 /* AppDelegate.h */ = {isa = PBXFileReference; lastKnownFileType = sourcecode.c.h; path = AppDelegate.h; sourceTree = "<group>"; };
		74ED8D211B43D80C006F6DA6 /* AppDelegate.m */ = {isa = PBXFileReference; lastKnownFileType = sourcecode.c.objc; path = AppDelegate.m; sourceTree = "<group>"; };
		74ED8D231B43D80C006F6DA6 /* ViewController.h */ = {isa = PBXFileReference; lastKnownFileType = sourcecode.c.h; path = ViewController.h; sourceTree = "<group>"; };
		74ED8D241B43D80C006F6DA6 /* ViewController.m */ = {isa = PBXFileReference; lastKnownFileType = sourcecode.c.objc; path = ViewController.m; sourceTree = "<group>"; };
		74ED8D271B43D80C006F6DA6 /* Base */ = {isa = PBXFileReference; lastKnownFileType = file.storyboard; name = Base; path = Base.lproj/Main.storyboard; sourceTree = "<group>"; };
		74ED8D291B43D80C006F6DA6 /* Images.xcassets */ = {isa = PBXFileReference; lastKnownFileType = folder.assetcatalog; path = Images.xcassets; sourceTree = "<group>"; };
		74ED8D2C1B43D80C006F6DA6 /* Base */ = {isa = PBXFileReference; lastKnownFileType = file.xib; name = Base; path = Base.lproj/LaunchScreen.xib; sourceTree = "<group>"; };
		74ED8D321B43D80C006F6DA6 /* OCQueryTests.xctest */ = {isa = PBXFileReference; explicitFileType = wrapper.cfbundle; includeInIndex = 0; path = OCQueryTests.xctest; sourceTree = BUILT_PRODUCTS_DIR; };
		74ED8D371B43D80C006F6DA6 /* Info.plist */ = {isa = PBXFileReference; lastKnownFileType = text.plist.xml; path = Info.plist; sourceTree = "<group>"; };
		74ED8D381B43D80C006F6DA6 /* OCQueryTests.m */ = {isa = PBXFileReference; lastKnownFileType = sourcecode.c.objc; path = OCQueryTests.m; sourceTree = "<group>"; };
/* End PBXFileReference section */

/* Begin PBXFrameworksBuildPhase section */
		74ED8D161B43D80C006F6DA6 /* Frameworks */ = {
			isa = PBXFrameworksBuildPhase;
			buildActionMask = 2147483647;
			files = (
			);
			runOnlyForDeploymentPostprocessing = 0;
		};
		74ED8D2F1B43D80C006F6DA6 /* Frameworks */ = {
			isa = PBXFrameworksBuildPhase;
			buildActionMask = 2147483647;
			files = (
			);
			runOnlyForDeploymentPostprocessing = 0;
		};
/* End PBXFrameworksBuildPhase section */

/* Begin PBXGroup section */
		74ED8D101B43D80C006F6DA6 = {
			isa = PBXGroup;
			children = (
				74ED8D1B1B43D80C006F6DA6 /* OCQuery */,
				74ED8D351B43D80C006F6DA6 /* OCQueryTests */,
				74ED8D1A1B43D80C006F6DA6 /* Products */,
			);
			sourceTree = "<group>";
		};
		74ED8D1A1B43D80C006F6DA6 /* Products */ = {
			isa = PBXGroup;
			children = (
				74ED8D191B43D80C006F6DA6 /* OCQuery.app */,
				74ED8D321B43D80C006F6DA6 /* OCQueryTests.xctest */,
			);
			name = Products;
			sourceTree = "<group>";
		};
		74ED8D1B1B43D80C006F6DA6 /* OCQuery */ = {
			isa = PBXGroup;
			children = (
				74ED8D431B43D845006F6DA6 /* Javascript */,
				74ED8D421B43D833006F6DA6 /* Classes */,
				74ED8D201B43D80C006F6DA6 /* AppDelegate.h */,
				74ED8D211B43D80C006F6DA6 /* AppDelegate.m */,
				74ED8D231B43D80C006F6DA6 /* ViewController.h */,
				74ED8D241B43D80C006F6DA6 /* ViewController.m */,
				74ED8D261B43D80C006F6DA6 /* Main.storyboard */,
				74ED8D291B43D80C006F6DA6 /* Images.xcassets */,
				74ED8D2B1B43D80C006F6DA6 /* LaunchScreen.xib */,
				74ED8D1C1B43D80C006F6DA6 /* Supporting Files */,
			);
			path = OCQuery;
			sourceTree = "<group>";
		};
		74ED8D1C1B43D80C006F6DA6 /* Supporting Files */ = {
			isa = PBXGroup;
			children = (
				74ED8D1D1B43D80C006F6DA6 /* Info.plist */,
				74ED8D1E1B43D80C006F6DA6 /* main.m */,
			);
			name = "Supporting Files";
			sourceTree = "<group>";
		};
		74ED8D351B43D80C006F6DA6 /* OCQueryTests */ = {
			isa = PBXGroup;
			children = (
				749EFDBE1B443466000DF6F1 /* test.html */,
				74ED8D381B43D80C006F6DA6 /* OCQueryTests.m */,
				74ED8D361B43D80C006F6DA6 /* Supporting Files */,
			);
			path = OCQueryTests;
			sourceTree = "<group>";
		};
		74ED8D361B43D80C006F6DA6 /* Supporting Files */ = {
			isa = PBXGroup;
			children = (
				74ED8D371B43D80C006F6DA6 /* Info.plist */,
			);
			name = "Supporting Files";
			sourceTree = "<group>";
		};
		74ED8D421B43D833006F6DA6 /* Classes */ = {
			isa = PBXGroup;
			children = (
				7456A7691B4576A000BFD3EC /* OCQuery.h */,
				7456A76A1B4576A000BFD3EC /* OCQuery.m */,
			);
			path = Classes;
			sourceTree = "<group>";
		};
		74ED8D431B43D845006F6DA6 /* Javascript */ = {
			isa = PBXGroup;
			children = (
				749EFDBC1B44341F000DF6F1 /* app.js */,
			);
			path = Javascript;
			sourceTree = "<group>";
		};
/* End PBXGroup section */

/* Begin PBXNativeTarget section */
		74ED8D181B43D80C006F6DA6 /* OCQuery */ = {
			isa = PBXNativeTarget;
			buildConfigurationList = 74ED8D3C1B43D80C006F6DA6 /* Build configuration list for PBXNativeTarget "OCQuery" */;
			buildPhases = (
				74ED8D151B43D80C006F6DA6 /* Sources */,
				74ED8D161B43D80C006F6DA6 /* Frameworks */,
				74ED8D171B43D80C006F6DA6 /* Resources */,
			);
			buildRules = (
			);
			dependencies = (
			);
			name = OCQuery;
			productName = OCQuery;
			productReference = 74ED8D191B43D80C006F6DA6 /* OCQuery.app */;
			productType = "com.apple.product-type.application";
		};
		74ED8D311B43D80C006F6DA6 /* OCQueryTests */ = {
			isa = PBXNativeTarget;
			buildConfigurationList = 74ED8D3F1B43D80C006F6DA6 /* Build configuration list for PBXNativeTarget "OCQueryTests" */;
			buildPhases = (
				74ED8D2E1B43D80C006F6DA6 /* Sources */,
				74ED8D2F1B43D80C006F6DA6 /* Frameworks */,
				74ED8D301B43D80C006F6DA6 /* Resources */,
			);
			buildRules = (
			);
			dependencies = (
				74ED8D341B43D80C006F6DA6 /* PBXTargetDependency */,
			);
			name = OCQueryTests;
			productName = OCQueryTests;
			productReference = 74ED8D321B43D80C006F6DA6 /* OCQueryTests.xctest */;
			productType = "com.apple.product-type.bundle.unit-test";
		};
/* End PBXNativeTarget section */

/* Begin PBXProject section */
		74ED8D111B43D80C006F6DA6 /* Project object */ = {
			isa = PBXProject;
			attributes = {
				LastUpgradeCheck = 0630;
				ORGANIZATIONNAME = hjue;
				TargetAttributes = {
					74ED8D181B43D80C006F6DA6 = {
						CreatedOnToolsVersion = 6.3.2;
					};
					74ED8D311B43D80C006F6DA6 = {
						CreatedOnToolsVersion = 6.3.2;
						TestTargetID = 74ED8D181B43D80C006F6DA6;
					};
				};
			};
			buildConfigurationList = 74ED8D141B43D80C006F6DA6 /* Build configuration list for PBXProject "OCQuery" */;
			compatibilityVersion = "Xcode 3.2";
			developmentRegion = English;
			hasScannedForEncodings = 0;
			knownRegions = (
				en,
				Base,
			);
			mainGroup = 74ED8D101B43D80C006F6DA6;
			productRefGroup = 74ED8D1A1B43D80C006F6DA6 /* Products */;
			projectDirPath = "";
			projectRoot = "";
			targets = (
				74ED8D181B43D80C006F6DA6 /* OCQuery */,
				74ED8D311B43D80C006F6DA6 /* OCQueryTests */,
			);
		};
/* End PBXProject section */

/* Begin PBXResourcesBuildPhase section */
		74ED8D171B43D80C006F6DA6 /* Resources */ = {
			isa = PBXResourcesBuildPhase;
			buildActionMask = 2147483647;
			files = (
				74ED8D281B43D80C006F6DA6 /* Main.storyboard in Resources */,
				74ED8D2D1B43D80C006F6DA6 /* LaunchScreen.xib in Resources */,
				749EFDBD1B44341F000DF6F1 /* app.js in Resources */,
				749EFDC01B44347B000DF6F1 /* test.html in Resources */,
				74ED8D2A1B43D80C006F6DA6 /* Images.xcassets in Resources */,
			);
			runOnlyForDeploymentPostprocessing = 0;
		};
		74ED8D301B43D80C006F6DA6 /* Resources */ = {
			isa = PBXResourcesBuildPhase;
			buildActionMask = 2147483647;
			files = (
				749EFDBF1B443466000DF6F1 /* test.html in Resources */,
			);
			runOnlyForDeploymentPostprocessing = 0;
		};
/* End PBXResourcesBuildPhase section */

/* Begin PBXSourcesBuildPhase section */
		74ED8D151B43D80C006F6DA6 /* Sources */ = {
			isa = PBXSourcesBuildPhase;
			buildActionMask = 2147483647;
			files = (
				7456A76B1B4576A000BFD3EC /* OCQuery.m in Sources */,
				74ED8D251B43D80C006F6DA6 /* ViewController.m in Sources */,
				74ED8D221B43D80C006F6DA6 /* AppDelegate.m in Sources */,
				74ED8D1F1B43D80C006F6DA6 /* main.m in Sources */,
			);
			runOnlyForDeploymentPostprocessing = 0;
		};
		74ED8D2E1B43D80C006F6DA6 /* Sources */ = {
			isa = PBXSourcesBuildPhase;
			buildActionMask = 2147483647;
			files = (
				74ED8D391B43D80C006F6DA6 /* OCQueryTests.m in Sources */,
			);
			runOnlyForDeploymentPostprocessing = 0;
		};
/* End PBXSourcesBuildPhase section */

/* Begin PBXTargetDependency section */
		74ED8D341B43D80C006F6DA6 /* PBXTargetDependency */ = {
			isa = PBXTargetDependency;
			target = 74ED8D181B43D80C006F6DA6 /* OCQuery */;
			targetProxy = 74ED8D331B43D80C006F6DA6 /* PBXContainerItemProxy */;
		};
/* End PBXTargetDependency section */

/* Begin PBXVariantGroup section */
		74ED8D261B43D80C006F6DA6 /* Main.storyboard */ = {
			isa = PBXVariantGroup;
			children = (
				74ED8D271B43D80C006F6DA6 /* Base */,
			);
			name = Main.storyboard;
			sourceTree = "<group>";
		};
		74ED8D2B1B43D80C006F6DA6 /* LaunchScreen.xib */ = {
			isa = PBXVariantGroup;
			children = (
				74ED8D2C1B43D80C006F6DA6 /* Base */,
			);
			name = LaunchScreen.xib;
			sourceTree = "<group>";
		};
/* End PBXVariantGroup section */

/* Begin XCBuildConfiguration section */
		74ED8D3A1B43D80C006F6DA6 /* Debug */ = {
			isa = XCBuildConfiguration;
			buildSettings = {
				ALWAYS_SEARCH_USER_PATHS = NO;
				CLANG_CXX_LANGUAGE_STANDARD = "gnu++0x";
				CLANG_CXX_LIBRARY = "libc++";
				CLANG_ENABLE_MODULES = YES;
				CLANG_ENABLE_OBJC_ARC = YES;
				CLANG_WARN_BOOL_CONVERSION = YES;
				CLANG_WARN_CONSTANT_CONVERSION = YES;
				CLANG_WARN_DIRECT_OBJC_ISA_USAGE = YES_ERROR;
				CLANG_WARN_EMPTY_BODY = YES;
				CLANG_WARN_ENUM_CONVERSION = YES;
				CLANG_WARN_INT_CONVERSION = YES;
				CLANG_WARN_OBJC_ROOT_CLASS = YES_ERROR;
				CLANG_WARN_UNREACHABLE_CODE = YES;
				CLANG_WARN__DUPLICATE_METHOD_MATCH = YES;
				"CODE_SIGN_IDENTITY[sdk=iphoneos*]" = "iPhone Developer";
				COPY_PHASE_STRIP = NO;
				DEBUG_INFORMATION_FORMAT = "dwarf-with-dsym";
				ENABLE_STRICT_OBJC_MSGSEND = YES;
				GCC_C_LANGUAGE_STANDARD = gnu99;
				GCC_DYNAMIC_NO_PIC = NO;
				GCC_NO_COMMON_BLOCKS = YES;
				GCC_OPTIMIZATION_LEVEL = 0;
				GCC_PREPROCESSOR_DEFINITIONS = (
					"DEBUG=1",
					"$(inherited)",
				);
				GCC_SYMBOLS_PRIVATE_EXTERN = NO;
				GCC_WARN_64_TO_32_BIT_CONVERSION = YES;
				GCC_WARN_ABOUT_RETURN_TYPE = YES_ERROR;
				GCC_WARN_UNDECLARED_SELECTOR = YES;
				GCC_WARN_UNINITIALIZED_AUTOS = YES_AGGRESSIVE;
				GCC_WARN_UNUSED_FUNCTION = YES;
				GCC_WARN_UNUSED_VARIABLE = YES;
				IPHONEOS_DEPLOYMENT_TARGET = 8.3;
				MTL_ENABLE_DEBUG_INFO = YES;
				ONLY_ACTIVE_ARCH = YES;
				SDKROOT = iphoneos;
			};
			name = Debug;
		};
		74ED8D3B1B43D80C006F6DA6 /* Release */ = {
			isa = XCBuildConfiguration;
			buildSettings = {
				ALWAYS_SEARCH_USER_PATHS = NO;
				CLANG_CXX_LANGUAGE_STANDARD = "gnu++0x";
				CLANG_CXX_LIBRARY = "libc++";
				CLANG_ENABLE_MODULES = YES;
				CLANG_ENABLE_OBJC_ARC = YES;
				CLANG_WARN_BOOL_CONVERSION = YES;
				CLANG_WARN_CONSTANT_CONVERSION = YES;
				CLANG_WARN_DIRECT_OBJC_ISA_USAGE = YES_ERROR;
				CLANG_WARN_EMPTY_BODY = YES;
				CLANG_WARN_ENUM_CONVERSION = YES;
				CLANG_WARN_INT_CONVERSION = YES;
				CLANG_WARN_OBJC_ROOT_CLASS = YES_ERROR;
				CLANG_WARN_UNREACHABLE_CODE = YES;
				CLANG_WARN__DUPLICATE_METHOD_MATCH = YES;
				"CODE_SIGN_IDENTITY[sdk=iphoneos*]" = "iPhone Developer";
				COPY_PHASE_STRIP = NO;
				DEBUG_INFORMATION_FORMAT = "dwarf-with-dsym";
				ENABLE_NS_ASSERTIONS = NO;
				ENABLE_STRICT_OBJC_MSGSEND = YES;
				GCC_C_LANGUAGE_STANDARD = gnu99;
				GCC_NO_COMMON_BLOCKS = YES;
				GCC_WARN_64_TO_32_BIT_CONVERSION = YES;
				GCC_WARN_ABOUT_RETURN_TYPE = YES_ERROR;
				GCC_WARN_UNDECLARED_SELECTOR = YES;
				GCC_WARN_UNINITIALIZED_AUTOS = YES_AGGRESSIVE;
				GCC_WARN_UNUSED_FUNCTION = YES;
				GCC_WARN_UNUSED_VARIABLE = YES;
				IPHONEOS_DEPLOYMENT_TARGET = 8.3;
				MTL_ENABLE_DEBUG_INFO = NO;
				SDKROOT = iphoneos;
				VALIDATE_PRODUCT = YES;
			};
			name = Release;
		};
		74ED8D3D1B43D80C006F6DA6 /* Debug */ = {
			isa = XCBuildConfiguration;
			buildSettings = {
				ASSETCATALOG_COMPILER_APPICON_NAME = AppIcon;
				INFOPLIST_FILE = OCQuery/Info.plist;
				LD_RUNPATH_SEARCH_PATHS = "$(inherited) @executable_path/Frameworks";
				PRODUCT_NAME = "$(TARGET_NAME)";
			};
			name = Debug;
		};
		74ED8D3E1B43D80C006F6DA6 /* Release */ = {
			isa = XCBuildConfiguration;
			buildSettings = {
				ASSETCATALOG_COMPILER_APPICON_NAME = AppIcon;
				INFOPLIST_FILE = OCQuery/Info.plist;
				LD_RUNPATH_SEARCH_PATHS = "$(inherited) @executable_path/Frameworks";
				PRODUCT_NAME = "$(TARGET_NAME)";
			};
			name = Release;
		};
		74ED8D401B43D80C006F6DA6 /* Debug */ = {
			isa = XCBuildConfiguration;
			buildSettings = {
				BUNDLE_LOADER = "$(TEST_HOST)";
				FRAMEWORK_SEARCH_PATHS = (
					"$(SDKROOT)/Developer/Library/Frameworks",
					"$(inherited)",
				);
				GCC_PREPROCESSOR_DEFINITIONS = (
					"DEBUG=1",
					"$(inherited)",
				);
				INFOPLIST_FILE = OCQueryTests/Info.plist;
				LD_RUNPATH_SEARCH_PATHS = "$(inherited) @executable_path/Frameworks @loader_path/Frameworks";
				PRODUCT_NAME = "$(TARGET_NAME)";
				TEST_HOST = "$(BUILT_PRODUCTS_DIR)/OCQuery.app/OCQuery";
			};
			name = Debug;
		};
		74ED8D411B43D80C006F6DA6 /* Release */ = {
			isa = XCBuildConfiguration;
			buildSettings = {
				BUNDLE_LOADER = "$(TEST_HOST)";
				FRAMEWORK_SEARCH_PATHS = (
					"$(SDKROOT)/Developer/Library/Frameworks",
					"$(inherited)",
				);
				INFOPLIST_FILE = OCQueryTests/Info.plist;
				LD_RUNPATH_SEARCH_PATHS = "$(inherited) @executable_path/Frameworks @loader_path/Frameworks";
				PRODUCT_NAME = "$(TARGET_NAME)";
				TEST_HOST = "$(BUILT_PRODUCTS_DIR)/OCQuery.app/OCQuery";
			};
			name = Release;
		};
/* End XCBuildConfiguration section */

/* Begin XCConfigurationList section */
		74ED8D141B43D80C006F6DA6 /* Build configuration list for PBXProject "OCQuery" */ = {
			isa = XCConfigurationList;
			buildConfigurations = (
				74ED8D3A1B43D80C006F6DA6 /* Debug */,
				74ED8D3B1B43D80C006F6DA6 /* Release */,
			);
			defaultConfigurationIsVisible = 0;
			defaultConfigurationName = Release;
		};
		74ED8D3C1B43D80C006F6DA6 /* Build configuration list for PBXNativeTarget "OCQuery" */ = {
			isa = XCConfigurationList;
			buildConfigurations = (
				74ED8D3D1B43D80C006F6DA6 /* Debug */,
				74ED8D3E1B43D80C006F6DA6 /* Release */,
			);
			defaultConfigurationIsVisible = 0;
			defaultConfigurationName = Release;
		};
		74ED8D3F1B43D80C006F6DA6 /* Build configuration list for PBXNativeTarget "OCQueryTests" */ = {
			isa = XCConfigurationList;
			buildConfigurations = (
				74ED8D401B43D80C006F6DA6 /* Debug */,
				74ED8D411B43D80C006F6DA6 /* Release */,
			);
			defaultConfigurationIsVisible = 0;
			defaultConfigurationName = Release;
		};
/* End XCConfigurationList section */
	};
	rootObject = 74ED8D111B43D80C006F6DA6 /* Project object */;
}
